
Microsoft Visual Studio Solution File, Format Version 12.00
# Visual Studio Version 17
VisualStudioVersion = 17.11.35222.181
MinimumVisualStudioVersion = 10.0.40219.1
Project("{FAE04EC0-301F-11D3-BF4B-00C04F79EFBC}") = "CI_CD_ASPNET_App", "CI_CD_ASPNET_App.csproj", "{5A17C4A7-B0EB-4002-A7FA-9280A5BEEAB6}"
EndProject
Global
	GlobalSection(SolutionConfigurationPlatforms) = preSolution
		Debug|Any CPU = Debug|Any CPU
		Release|Any CPU = Release|Any CPU
	EndGlobalSection
	GlobalSection(ProjectConfigurationPlatforms) = postSolution
		{5A17C4A7-B0EB-4002-A7FA-9280A5BEEAB6}.Debug|Any CPU.ActiveCfg = Debug|Any CPU
		{5A17C4A7-B0EB-4002-A7FA-9280A5BEEAB6}.Debug|Any CPU.Build.0 = Debug|Any CPU
		{5A17C4A7-B0EB-4002-A7FA-9280A5BEEAB6}.Release|Any CPU.ActiveCfg = Release|Any CPU
		{5A17C4A7-B0EB-4002-A7FA-9280A5BEEAB6}.Release|Any CPU.Build.0 = Release|Any CPU
	EndGlobalSection
	GlobalSection(SolutionProperties) = preSolution
		HideSolutionNode = FALSE
	EndGlobalSection
	GlobalSection(ExtensibilityGlobals) = postSolution
		SolutionGuid = {B4687185-6288-4B84-9639-2F052F405CCD}
	EndGlobalSection
EndGlobal
